
Microsoft Visual Studio Solution File, Format Version 12.00
# Visual Studio Version 17
VisualStudioVersion = 17.7.34031.279
MinimumVisualStudioVersion = 10.0.40219.1
Project("{FAE04EC0-301F-11D3-BF4B-00C04F79EFBC}") = "WordOfDay", "WordOfDay.csproj", "{3FA57BFD-1AE6-4C82-8218-F27B1BF1A3F7}"
EndProject
Global
	GlobalSection(SolutionConfigurationPlatforms) = preSolution
		Debug|Any CPU = Debug|Any CPU
		Release|Any CPU = Release|Any CPU
	EndGlobalSection
	GlobalSection(ProjectConfigurationPlatforms) = postSolution
		{3FA57BFD-1AE6-4C82-8218-F27B1BF1A3F7}.Debug|Any CPU.ActiveCfg = Debug|Any CPU
		{3FA57BFD-1AE6-4C82-8218-F27B1BF1A3F7}.Debug|Any CPU.Build.0 = Debug|Any CPU
		{3FA57BFD-1AE6-4C82-8218-F27B1BF1A3F7}.Release|Any CPU.ActiveCfg = Release|Any CPU
		{3FA57BFD-1AE6-4C82-8218-F27B1BF1A3F7}.Release|Any CPU.Build.0 = Release|Any CPU
	EndGlobalSection
	GlobalSection(SolutionProperties) = preSolution
		HideSolutionNode = FALSE
	EndGlobalSection
	GlobalSection(ExtensibilityGlobals) = postSolution
		SolutionGuid = {E90DE95C-CC83-4C5E-B4AE-86058954A8AD}
	EndGlobalSection
EndGlobal
